# This file is automatically @generated by Poetry 1.7.0 and should not be changed by hand.

[[package]]
name = "asgiref"
version = "3.7.2"
description = "ASGI specs, helper code, and adapters"
optional = false
python-versions = ">=3.7"
files = [
    {file = "asgiref-3.7.2-py3-none-any.whl", hash = "sha256:89b2ef2247e3b562a16eef663bc0e2e703ec6468e2fa8a5cd61cd449786d4f6e"},
    {file = "asgiref-3.7.2.tar.gz", hash = "sha256:9e0ce3aa93a819ba5b45120216b23878cf6e8525eb3848653452b4192b92afed"},
]

[package.dependencies]
typing-extensions = {version = ">=4", markers = "python_version < \"3.11\""}

[package.extras]
tests = ["mypy (>=0.800)", "pytest", "pytest-asyncio"]

[[package]]
name = "django"
version = "5.0"
description = "A high-level Python web framework that encourages rapid development and clean, pragmatic design."
optional = false
python-versions = ">=3.10"
files = [
    {file = "Django-5.0-py3-none-any.whl", hash = "sha256:3a9fd52b8dbeae335ddf4a9dfa6c6a0853a1122f1fb071a8d5eca979f73a05c8"},
    {file = "Django-5.0.tar.gz", hash = "sha256:7d29e14dfbc19cb6a95a4bd669edbde11f5d4c6a71fdaa42c2d40b6846e807f7"},
]

[package.dependencies]
asgiref = ">=3.7.0"
sqlparse = ">=0.3.1"
tzdata = {version = "*", markers = "sys_platform == \"win32\""}

[package.extras]
argon2 = ["argon2-cffi (>=19.1.0)"]
bcrypt = ["bcrypt"]

[[package]]
name = "django-browser-reload"
version = "1.12.1"
description = "Automatically reload your browser in development."
optional = false
python-versions = ">=3.8"
files = [
    {file = "django-browser-reload-1.12.1.tar.gz", hash = "sha256:875b6bd01db13380522ccb4ae75871a2edeae74bb5ac92bf32eb76763d575d86"},
    {file = "django_browser_reload-1.12.1-py3-none-any.whl", hash = "sha256:08b457f1b6599bf782d4d2ecdfb0897d6fc936ac4035060d0269c2af5ef4ef7a"},
]

[package.dependencies]
asgiref = ">=3.6"
Django = ">=3.2"

[[package]]
name = "django-ckeditor"
version = "6.7.0"
description = "Django admin CKEditor integration."
optional = false
python-versions = ">=3.8"
files = [
    {file = "django-ckeditor-6.7.0.tar.gz", hash = "sha256:0489f7a6ae93360d328f77cea17c04891103cbdfa6c962af386bbe47e811671b"},
    {file = "django_ckeditor-6.7.0-py3-none-any.whl", hash = "sha256:73399fb8f56f565e7519b57adbd7c585623db2cdc8c75666f56918d3eecf7906"},
]

[package.dependencies]
Django = ">=3.2"
django-js-asset = ">=2.0"

[[package]]
name = "django-js-asset"
version = "2.2.0"
description = "script tag with additional attributes for django.forms.Media"
optional = false
python-versions = ">=3.8"
files = [
    {file = "django_js_asset-2.2.0-py3-none-any.whl", hash = "sha256:7ef3e858e13d06f10799b56eea62b1e76706f42cf4e709be4e13356bc0ae30d8"},
    {file = "django_js_asset-2.2.0.tar.gz", hash = "sha256:0c57a82cae2317e83951d956110ce847f58ff0cdc24e314dbc18b35033917e94"},
]

[package.dependencies]
django = ">=3.2"

[package.extras]
tests = ["coverage"]

[[package]]
name = "django-tailwind"
version = "3.7.0"
description = "Tailwind CSS Framework for Django projects"
optional = false
python-versions = ">=3.10.0,<4.0.0"
files = [
    {file = "django_tailwind-3.7.0-py3-none-any.whl", hash = "sha256:8f1003d74be35b4e5abe135f13599205a79e124671f57e93b7601a47c0dbab61"},
    {file = "django_tailwind-3.7.0.tar.gz", hash = "sha256:65d80d0b41c3765a70bcfb41c94d3719e2d9b8be8aa347f0fcdb298df24e150f"},
]

[package.dependencies]
django = ">=3.2.14"
django-browser-reload = {version = ">=1.12.1,<2.0.0", optional = true, markers = "extra == \"reload\""}

[package.extras]
reload = ["django-browser-reload (>=1.12.1,<2.0.0)"]

[[package]]
name = "gunicorn"
version = "21.2.0"
description = "WSGI HTTP Server for UNIX"
optional = false
python-versions = ">=3.5"
files = [
    {file = "gunicorn-21.2.0-py3-none-any.whl", hash = "sha256:3213aa5e8c24949e792bcacfc176fef362e7aac80b76c56f6b5122bf350722f0"},
    {file = "gunicorn-21.2.0.tar.gz", hash = "sha256:88ec8bff1d634f98e61b9f65bc4bf3cd918a90806c6f5c48bc5603849ec81033"},
]

[package.dependencies]
packaging = "*"

[package.extras]
eventlet = ["eventlet (>=0.24.1)"]
gevent = ["gevent (>=1.4.0)"]
setproctitle = ["setproctitle"]
tornado = ["tornado (>=0.2)"]

[[package]]
name = "mysqlclient"
version = "2.2.1"
description = "Python interface to MySQL"
optional = false
python-versions = ">=3.8"
files = [
    {file = "mysqlclient-2.2.1-cp310-cp310-win_amd64.whl", hash = "sha256:c5a293baebbfcfa2905545198a54e90f1cf00f211eae6637d24930abb6432cba"},
    {file = "mysqlclient-2.2.1-cp311-cp311-win_amd64.whl", hash = "sha256:8f40c872f19639366e3df27bef2ff087be0e3ee0bd3453470bd29f46b54a90f6"},
    {file = "mysqlclient-2.2.1-cp312-cp312-win_amd64.whl", hash = "sha256:45600f4f321096bd1ead3355bc62cfcf8d97dc78df94e4ab5db72ecb5db1bd04"},
    {file = "mysqlclient-2.2.1-cp38-cp38-win_amd64.whl", hash = "sha256:1f8889cc5f0141bb307b915e981a66793df663ace92259344661084a7dd8d12a"},
    {file = "mysqlclient-2.2.1-cp39-cp39-win_amd64.whl", hash = "sha256:9db6305cdf2a1da350f827d2a19be7f2666eafd9eb8d4f7cbbac5df847d61b99"},
    {file = "mysqlclient-2.2.1-pp310-pypy310_pp73-win_amd64.whl", hash = "sha256:97eee76818774bb695e018ff4c3dafaab74b9a0b0cf32c90b02caeec3b19cd8e"},
    {file = "mysqlclient-2.2.1-pp38-pypy38_pp73-win_amd64.whl", hash = "sha256:4fabe1f4b545ed6244ad0ff426e6b27054b7e5c5b1392be0de2e5f2f59be0392"},
    {file = "mysqlclient-2.2.1-pp39-pypy39_pp73-win_amd64.whl", hash = "sha256:641a7c9de443ddef186a0e89f24b4251ad44f4ddc5e7094332bf2d286d7c9e33"},
    {file = "mysqlclient-2.2.1.tar.gz", hash = "sha256:2c7ad15b87293b12fd44b47c46879ec95ec647f4567e866ccd70b8337584e9b2"},
]

[[package]]
name = "packaging"
version = "23.2"
description = "Core utilities for Python packages"
optional = false
python-versions = ">=3.7"
files = [
    {file = "packaging-23.2-py3-none-any.whl", hash = "sha256:8c491190033a9af7e1d931d0b5dacc2ef47509b34dd0de67ed209b5203fc88c7"},
    {file = "packaging-23.2.tar.gz", hash = "sha256:048fb0e9405036518eaaf48a55953c750c11e1a1b68e0dd1a9d62ed0c092cfc5"},
]

[[package]]
name = "python-dotenv"
version = "1.0.0"
description = "Read key-value pairs from a .env file and set them as environment variables"
optional = false
python-versions = ">=3.8"
files = [
    {file = "python-dotenv-1.0.0.tar.gz", hash = "sha256:a8df96034aae6d2d50a4ebe8216326c61c3eb64836776504fcca410e5937a3ba"},
    {file = "python_dotenv-1.0.0-py3-none-any.whl", hash = "sha256:f5971a9226b701070a4bf2c38c89e5a3f0d64de8debda981d1db98583009122a"},
]

[package.extras]
cli = ["click (>=5.0)"]

[[package]]
name = "sqlparse"
version = "0.4.4"
description = "A non-validating SQL parser."
optional = false
python-versions = ">=3.5"
files = [
    {file = "sqlparse-0.4.4-py3-none-any.whl", hash = "sha256:5430a4fe2ac7d0f93e66f1efc6e1338a41884b7ddf2a350cedd20ccc4d9d28f3"},
    {file = "sqlparse-0.4.4.tar.gz", hash = "sha256:d446183e84b8349fa3061f0fe7f06ca94ba65b426946ffebe6e3e8295332420c"},
]

[package.extras]
dev = ["build", "flake8"]
doc = ["sphinx"]
test = ["pytest", "pytest-cov"]

[[package]]
name = "typing-extensions"
version = "4.9.0"
description = "Backported and Experimental Type Hints for Python 3.8+"
optional = false
python-versions = ">=3.8"
files = [
    {file = "typing_extensions-4.9.0-py3-none-any.whl", hash = "sha256:af72aea155e91adfc61c3ae9e0e342dbc0cba726d6cba4b6c72c1f34e47291cd"},
    {file = "typing_extensions-4.9.0.tar.gz", hash = "sha256:23478f88c37f27d76ac8aee6c905017a143b0b1b886c3c9f66bc2fd94f9f5783"},
]

[[package]]
name = "tzdata"
version = "2023.3"
description = "Provider of IANA time zone data"
optional = false
python-versions = ">=2"
files = [
    {file = "tzdata-2023.3-py2.py3-none-any.whl", hash = "sha256:7e65763eef3120314099b6939b5546db7adce1e7d6f2e179e3df563c70511eda"},
    {file = "tzdata-2023.3.tar.gz", hash = "sha256:11ef1e08e54acb0d4f95bdb1be05da659673de4acbd21bf9c69e94cc5e907a3a"},
]

[metadata]
lock-version = "2.0"
python-versions = "^3.10"
content-hash = "a2a728a53a149565d8d947fff2fa140d72bdeb9b75ab961b0c364ed1c0a6d044"
